
Microsoft Visual Studio Solution File, Format Version 12.00
# Visual Studio Version 17
VisualStudioVersion = 17.12.35424.110 d17.12
MinimumVisualStudioVersion = 10.0.40219.1
Project("{FAE04EC0-301F-11D3-BF4B-00C04F79EFBC}") = "Demo_Product1", "Demo_Product1\Demo_Product1.csproj", "{96728764-CCE2-4980-97DD-E9C8C66FE013}"
EndProject
Project("{FAE04EC0-301F-11D3-BF4B-00C04F79EFBC}") = "EntityLayer", "EntityLayer\EntityLayer.csproj", "{D08A9A77-3741-4F83-8EED-572EF4572167}"
EndProject
Project("{FAE04EC0-301F-11D3-BF4B-00C04F79EFBC}") = "DataAccessLayer", "DataAccessLayer\DataAccessLayer.csproj", "{A1F023C2-84B4-44EC-8677-0BE2B13DCAB1}"
EndProject
Project("{FAE04EC0-301F-11D3-BF4B-00C04F79EFBC}") = "BusinessLayer", "BusinessLayer\BusinessLayer.csproj", "{9BA5C745-BD39-4A76-903C-33B4CE88BC84}"
EndProject
Global
	GlobalSection(SolutionConfigurationPlatforms) = preSolution
		Debug|Any CPU = Debug|Any CPU
		Release|Any CPU = Release|Any CPU
	EndGlobalSection
	GlobalSection(ProjectConfigurationPlatforms) = postSolution
		{96728764-CCE2-4980-97DD-E9C8C66FE013}.Debug|Any CPU.ActiveCfg = Debug|Any CPU
		{96728764-CCE2-4980-97DD-E9C8C66FE013}.Debug|Any CPU.Build.0 = Debug|Any CPU
		{96728764-CCE2-4980-97DD-E9C8C66FE013}.Release|Any CPU.ActiveCfg = Release|Any CPU
		{96728764-CCE2-4980-97DD-E9C8C66FE013}.Release|Any CPU.Build.0 = Release|Any CPU
		{D08A9A77-3741-4F83-8EED-572EF4572167}.Debug|Any CPU.ActiveCfg = Debug|Any CPU
		{D08A9A77-3741-4F83-8EED-572EF4572167}.Debug|Any CPU.Build.0 = Debug|Any CPU
		{D08A9A77-3741-4F83-8EED-572EF4572167}.Release|Any CPU.ActiveCfg = Release|Any CPU
		{D08A9A77-3741-4F83-8EED-572EF4572167}.Release|Any CPU.Build.0 = Release|Any CPU
		{A1F023C2-84B4-44EC-8677-0BE2B13DCAB1}.Debug|Any CPU.ActiveCfg = Debug|Any CPU
		{A1F023C2-84B4-44EC-8677-0BE2B13DCAB1}.Debug|Any CPU.Build.0 = Debug|Any CPU
		{A1F023C2-84B4-44EC-8677-0BE2B13DCAB1}.Release|Any CPU.ActiveCfg = Release|Any CPU
		{A1F023C2-84B4-44EC-8677-0BE2B13DCAB1}.Release|Any CPU.Build.0 = Release|Any CPU
		{9BA5C745-BD39-4A76-903C-33B4CE88BC84}.Debug|Any CPU.ActiveCfg = Debug|Any CPU
		{9BA5C745-BD39-4A76-903C-33B4CE88BC84}.Debug|Any CPU.Build.0 = Debug|Any CPU
		{9BA5C745-BD39-4A76-903C-33B4CE88BC84}.Release|Any CPU.ActiveCfg = Release|Any CPU
		{9BA5C745-BD39-4A76-903C-33B4CE88BC84}.Release|Any CPU.Build.0 = Release|Any CPU
	EndGlobalSection
	GlobalSection(SolutionProperties) = preSolution
		HideSolutionNode = FALSE
	EndGlobalSection
EndGlobal
